
Microsoft Visual Studio Solution File, Format Version 12.00
# Visual Studio Version 17
VisualStudioVersion = 17.7.34031.279
MinimumVisualStudioVersion = 10.0.40219.1
Project("{9A19103F-16F7-4668-BE54-9A1E7A4F7556}") = "U1A1", "U1A1.csproj", "{C9686344-1B4A-4EE1-9D0A-446C4DE4C31C}"
EndProject
Project("{FAE04EC0-301F-11D3-BF4B-00C04F79EFBC}") = "U1A2", "..\U1A2\U1A2.csproj", "{3D1B0BAD-DA9C-4CD8-B402-E318C7C5B5B2}"
EndProject
Global
	GlobalSection(SolutionConfigurationPlatforms) = preSolution
		Debug|Any CPU = Debug|Any CPU
		Release|Any CPU = Release|Any CPU
	EndGlobalSection
	GlobalSection(ProjectConfigurationPlatforms) = postSolution
		{C9686344-1B4A-4EE1-9D0A-446C4DE4C31C}.Debug|Any CPU.ActiveCfg = Debug|Any CPU
		{C9686344-1B4A-4EE1-9D0A-446C4DE4C31C}.Debug|Any CPU.Build.0 = Debug|Any CPU
		{C9686344-1B4A-4EE1-9D0A-446C4DE4C31C}.Release|Any CPU.ActiveCfg = Release|Any CPU
		{C9686344-1B4A-4EE1-9D0A-446C4DE4C31C}.Release|Any CPU.Build.0 = Release|Any CPU
		{3D1B0BAD-DA9C-4CD8-B402-E318C7C5B5B2}.Debug|Any CPU.ActiveCfg = Debug|Any CPU
		{3D1B0BAD-DA9C-4CD8-B402-E318C7C5B5B2}.Debug|Any CPU.Build.0 = Debug|Any CPU
		{3D1B0BAD-DA9C-4CD8-B402-E318C7C5B5B2}.Release|Any CPU.ActiveCfg = Release|Any CPU
		{3D1B0BAD-DA9C-4CD8-B402-E318C7C5B5B2}.Release|Any CPU.Build.0 = Release|Any CPU
	EndGlobalSection
	GlobalSection(SolutionProperties) = preSolution
		HideSolutionNode = FALSE
	EndGlobalSection
	GlobalSection(ExtensibilityGlobals) = postSolution
		SolutionGuid = {812F2EBB-EB9A-4EC9-92B0-12A38433157F}
	EndGlobalSection
EndGlobal
